<?xml version="1.0" encoding="utf-8"?>
<Project ToolsVersion="4.0" xmlns="http://schemas.microsoft.com/developer/msbuild/2003">
  <ItemGroup>
    <Filter Include="Archivos de origen">
      <UniqueIdentifier>{4FC737F1-C7A5-4376-A066-2A32D752A2FF}</UniqueIdentifier>
      <Extensions>cpp;c;cc;cxx;c++;cppm;ixx;def;odl;idl;hpj;bat;asm;asmx</Extensions>
    </Filter>
    <Filter Include="Archivos de encabezado">
      <UniqueIdentifier>{93995380-89BD-4b04-88EB-625FBE52EBFB}</UniqueIdentifier>
      <Extensions>h;hh;hpp;hxx;h++;hm;inl;inc;ipp;xsd</Extensions>
    </Filter>
    <Filter Include="Archivos de recursos">
      <UniqueIdentifier>{67DA6AB6-F800-4c08-8B7A-83BB121AAD01}</UniqueIdentifier>
      <Extensions>rc;ico;cur;bmp;dlg;rc2;rct;bin;rgs;gif;jpg;jpeg;jpe;resx;tiff;tif;png;wav;mfcribbon-ms</Extensions>
    </Filter>
    <Filter Include="Archivos de sombreado">
      <UniqueIdentifier>{85b01753-e187-4371-95a0-c9f5c0b93aa3}</UniqueIdentifier>
    </Filter>
    <Filter Include="Archivos de sombreado\Generic">
      <UniqueIdentifier>{d12a6fa4-ad33-41bb-a6da-9828492d2fc3}</UniqueIdentifier>
    </Filter>
    <Filter Include="Archivos de sombreado\LOD">
      <UniqueIdentifier>{f05bd2b6-335f-4df8-a9d9-de8261e7eb46}</UniqueIdentifier>
    </Filter>
    <Filter Include="Archivos de sombreado\Sun">
      <UniqueIdentifier>{b79ba2f5-ac7c-4ab2-baae-6d81e9e8e9b5}</UniqueIdentifier>
    </Filter>
    <Filter Include="Archivos de sombreado\Clouds">
      <UniqueIdentifier>{3d3073fc-a9f9-4b5d-9941-2d2ff4dcddd4}</UniqueIdentifier>
    </Filter>
  </ItemGroup>
  <ItemGroup>
    <None Include="packages.config" />
    <None Include="generic.frag">
      <Filter>Archivos de sombreado\Generic</Filter>
    </None>
    <None Include="generic.vert">
      <Filter>Archivos de sombreado\Generic</Filter>
    </None>
    <None Include="LOD_TesselationControl.tesc">
      <Filter>Archivos de sombreado\LOD</Filter>
    </None>
    <None Include="LOD_TesselationEvaluation.tese">
      <Filter>Archivos de sombreado\LOD</Filter>
    </None>
    <None Include="sun.vert">
      <Filter>Archivos de sombreado\Sun</Filter>
    </None>
    <None Include="cloud.vert">
      <Filter>Archivos de sombreado\Clouds</Filter>
    </None>
    <None Include="cloud.frag">
      <Filter>Archivos de sombreado\Clouds</Filter>
    </None>
    <None Include="cloud.comp">
      <Filter>Archivos de sombreado\Clouds</Filter>
    </None>
    <None Include="sun.frag">
      <Filter>Archivos de sombreado\Sun</Filter>
    </None>
  </ItemGroup>
  <ItemGroup>
    <ClCompile Include="main.cpp">
      <Filter>Archivos de origen</Filter>
    </ClCompile>
    <ClCompile Include="noise.cpp">
      <Filter>Archivos de origen</Filter>
    </ClCompile>
    <ClCompile Include="tmath.cpp">
      <Filter>Archivos de origen</Filter>
    </ClCompile>
    <ClCompile Include="texture_loader.cpp">
      <Filter>Archivos de origen</Filter>
    </ClCompile>
  </ItemGroup>
  <ItemGroup>
    <ClInclude Include="noise.hpp">
      <Filter>Archivos de encabezado</Filter>
    </ClInclude>
    <ClInclude Include="tmath.hpp">
      <Filter>Archivos de encabezado</Filter>
    </ClInclude>
    <ClInclude Include="stb_image.h">
      <Filter>Archivos de encabezado</Filter>
    </ClInclude>
    <ClInclude Include="texture_loader.hpp">
      <Filter>Archivos de encabezado</Filter>
    </ClInclude>
  </ItemGroup>
  <ItemGroup>
    <Image Include="textures\grass_texture.jpg">
      <Filter>Archivos de recursos</Filter>
    </Image>
  </ItemGroup>
</Project>